
Microsoft Visual Studio Solution File, Format Version 12.00
# Visual Studio 15
VisualStudioVersion = 15.0.28307.168
MinimumVisualStudioVersion = 10.0.40219.1
Project("{FAE04EC0-301F-11D3-BF4B-00C04F79EFBC}") = "ConsoleApp4", "ConsoleApp4\ConsoleApp4.csproj", "{9E46E9F8-784F-449F-A762-8215610F5D4D}"
EndProject
Global
	GlobalSection(SolutionConfigurationPlatforms) = preSolution
		Debug|Any CPU = Debug|Any CPU
		Release|Any CPU = Release|Any CPU
	EndGlobalSection
	GlobalSection(ProjectConfigurationPlatforms) = postSolution
		{9E46E9F8-784F-449F-A762-8215610F5D4D}.Debug|Any CPU.ActiveCfg = Debug|Any CPU
		{9E46E9F8-784F-449F-A762-8215610F5D4D}.Debug|Any CPU.Build.0 = Debug|Any CPU
		{9E46E9F8-784F-449F-A762-8215610F5D4D}.Release|Any CPU.ActiveCfg = Release|Any CPU
		{9E46E9F8-784F-449F-A762-8215610F5D4D}.Release|Any CPU.Build.0 = Release|Any CPU
	EndGlobalSection
	GlobalSection(SolutionProperties) = preSolution
		HideSolutionNode = FALSE
	EndGlobalSection
	GlobalSection(ExtensibilityGlobals) = postSolution
		SolutionGuid = {AEE8CAE2-4366-4ADB-B6C5-C6A07CCF2318}
	EndGlobalSection
EndGlobal
